
Microsoft Visual Studio Solution File, Format Version 12.00
# Visual Studio Version 16
VisualStudioVersion = 16.0.31112.23
MinimumVisualStudioVersion = 10.0.40219.1
Project("{FAE04EC0-301F-11D3-BF4B-00C04F79EFBC}") = "Thiswillwork", "WindowsFormsApp4\Thiswillwork.csproj", "{164D96CA-5271-4D04-978E-335853B54A70}"
EndProject
Global
	GlobalSection(SolutionConfigurationPlatforms) = preSolution
		Debug|Any CPU = Debug|Any CPU
		Debug|x64 = Debug|x64
		Release|Any CPU = Release|Any CPU
		Release|x64 = Release|x64
	EndGlobalSection
	GlobalSection(ProjectConfigurationPlatforms) = postSolution
		{164D96CA-5271-4D04-978E-335853B54A70}.Debug|Any CPU.ActiveCfg = Debug|Any CPU
		{164D96CA-5271-4D04-978E-335853B54A70}.Debug|Any CPU.Build.0 = Debug|Any CPU
		{164D96CA-5271-4D04-978E-335853B54A70}.Debug|x64.ActiveCfg = Debug|x64
		{164D96CA-5271-4D04-978E-335853B54A70}.Debug|x64.Build.0 = Debug|x64
		{164D96CA-5271-4D04-978E-335853B54A70}.Release|Any CPU.ActiveCfg = Release|Any CPU
		{164D96CA-5271-4D04-978E-335853B54A70}.Release|Any CPU.Build.0 = Release|Any CPU
		{164D96CA-5271-4D04-978E-335853B54A70}.Release|x64.ActiveCfg = Release|x64
		{164D96CA-5271-4D04-978E-335853B54A70}.Release|x64.Build.0 = Release|x64
	EndGlobalSection
	GlobalSection(SolutionProperties) = preSolution
		HideSolutionNode = FALSE
	EndGlobalSection
	GlobalSection(ExtensibilityGlobals) = postSolution
		SolutionGuid = {A64FEAEF-98B2-41A5-A156-4DF9E914F5B4}
	EndGlobalSection
EndGlobal
